# THIS IS AN AUTOGENERATED FILE. DO NOT EDIT THIS FILE DIRECTLY.
# yarn lockfile v1


flow-bin@0.87.0:
  version "0.87.0"
  resolved "https://registry.yarnpkg.com/flow-bin/-/flow-bin-0.87.0.tgz#fab7f984d8cc767e93fa9eb01cf7d57ed744f19d"

typescript@3.2.1:
  version "3.2.1"
  resolved "https://registry.yarnpkg.com/typescript/-/typescript-3.2.1.tgz#0b7a04b8cf3868188de914d9568bd030f0c56192"
