# THIS IS AN AUTOGENERATED FILE. DO NOT EDIT THIS FILE DIRECTLY.
# yarn lockfile v1


flow-bin@0.126.1:
  version "0.126.1"
  resolved "https://registry.yarnpkg.com/flow-bin/-/flow-bin-0.126.1.tgz#2726595e1891dc35b379b5994627432df4ead52c"
  integrity sha512-RI05x7rVzruRVJQN3M4vLEjZMwUHJKhGz9FmL8HN7WiSo66/131EyJS6Vo8PkKyM2pgT9GRWfGP/tXlqS54XUg==

typescript@4.3.4:
  version "4.3.4"
  resolved "https://registry.yarnpkg.com/typescript/-/typescript-4.3.4.tgz#3f85b986945bcf31071decdd96cf8bfa65f9dcbc"
  integrity sha512-uauPG7XZn9F/mo+7MrsRjyvbxFpzemRjKEZXS4AK83oP2KKOJPvb+9cO/gmnv8arWZvhnjVOXz7B49m1l0e9Ew==
