# THIS IS AN AUTOGENERATED FILE. DO NOT EDIT THIS FILE DIRECTLY.
# yarn lockfile v1


flow-bin@0.117.0:
  version "0.117.0"
  resolved "https://registry.yarnpkg.com/flow-bin/-/flow-bin-0.117.0.tgz#2fd331f476dac31f7dae6ac9b557581ebc84e8ad"

typescript@3.7.5:
  version "3.7.5"
  resolved "https://registry.yarnpkg.com/typescript/-/typescript-3.7.5.tgz#0692e21f65fd4108b9330238aac11dd2e177a1ae"
