# THIS IS AN AUTOGENERATED FILE. DO NOT EDIT THIS FILE DIRECTLY.
# yarn lockfile v1


"bs-cmdliner@file:../bs-cmdliner":
  version "0.1.0"

"bs-easy-format@file:../bs-easy-format":
  version "0.1.0"

bs-platform@2.2.2:
  version "2.2.2"
  resolved "https://registry.yarnpkg.com/bs-platform/-/bs-platform-2.2.2.tgz#95ff37719771bbf310e8376fedd1148865c0da19"
